schema: '2.0'
stages:
  download:
    cmd: Rscript R/download.R
    deps:
    - path: R/download.R
      md5: eb6b2a839539f7f0bfe35c6419ef6ee8
      size: 480
    - path: https://ftp.ncbi.nlm.nih.gov/pub/clinvar/tab_delimited
      hash: md5
      checksum: '"1151-60848432862e4"'
      size: 4433
    outs:
    - path: download/
      hash: md5
      md5: 9b5ce352912fce9fab41fa63e91415cd.dir
      size: 1825723979
      nfiles: 10
  build:
    cmd: Rscript R/build.R
    deps:
    - path: R/build.R
      hash: md5
      md5: c881108e2eceeffaa613d4bc04659e23
      size: 695
    - path: download/
      hash: md5
      md5: 9b5ce352912fce9fab41fa63e91415cd.dir
      size: 1825723979
      nfiles: 10
    outs:
    - path: brick/
      hash: md5
      md5: 06565e39688576e0ae53484a2dd3e9de.dir
      size: 1390924713
      nfiles: 10
